
Microsoft Visual Studio Solution File, Format Version 12.00
# Visual Studio Version 16
VisualStudioVersion = 16.0.34031.81
MinimumVisualStudioVersion = 10.0.40219.1
Project("{FAE04EC0-301F-11D3-BF4B-00C04F79EFBC}") = "NhapThongTin", "NhapThongTin\NhapThongTin.csproj", "{B19F81C4-FA18-4864-8AFE-2D2306E5542C}"
EndProject
Global
	GlobalSection(SolutionConfigurationPlatforms) = preSolution
		Debug|Any CPU = Debug|Any CPU
		Release|Any CPU = Release|Any CPU
	EndGlobalSection
	GlobalSection(ProjectConfigurationPlatforms) = postSolution
		{B19F81C4-FA18-4864-8AFE-2D2306E5542C}.Debug|Any CPU.ActiveCfg = Debug|Any CPU
		{B19F81C4-FA18-4864-8AFE-2D2306E5542C}.Debug|Any CPU.Build.0 = Debug|Any CPU
		{B19F81C4-FA18-4864-8AFE-2D2306E5542C}.Release|Any CPU.ActiveCfg = Release|Any CPU
		{B19F81C4-FA18-4864-8AFE-2D2306E5542C}.Release|Any CPU.Build.0 = Release|Any CPU
	EndGlobalSection
	GlobalSection(SolutionProperties) = preSolution
		HideSolutionNode = FALSE
	EndGlobalSection
	GlobalSection(ExtensibilityGlobals) = postSolution
		SolutionGuid = {739CD51D-7632-48EE-AF94-976FC15073FB}
	EndGlobalSection
EndGlobal
